// !$*UTF8*$!
{
	archiveVersion = 1;
	classes = {
	};
	objectVersion = 46;
	objects = {

/* Begin PBXBuildFile section */
		F46A41261DE43BDD00B2CB93 /* AppDelegate.swift in Sources */ = {isa = PBXBuildFile; fileRef = F46A41251DE43BDD00B2CB93 /* AppDelegate.swift */; };
		F46A41281DE43BDD00B2CB93 /* ViewController.swift in Sources */ = {isa = PBXBuildFile; fileRef = F46A41271DE43BDD00B2CB93 /* ViewController.swift */; };
		F46A412B1DE43BDD00B2CB93 /* Main.storyboard in Resources */ = {isa = PBXBuildFile; fileRef = F46A41291DE43BDD00B2CB93 /* Main.storyboard */; };
		F46A412D1DE43BDD00B2CB93 /* Assets.xcassets in Resources */ = {isa = PBXBuildFile; fileRef = F46A412C1DE43BDD00B2CB93 /* Assets.xcassets */; };
		F46A41301DE43BDD00B2CB93 /* LaunchScreen.storyboard in Resources */ = {isa = PBXBuildFile; fileRef = F46A412E1DE43BDD00B2CB93 /* LaunchScreen.storyboard */; };
		F46A413B1DE43BDD00B2CB93 /* DestroyTheWorldTests.swift in Sources */ = {isa = PBXBuildFile; fileRef = F46A413A1DE43BDD00B2CB93 /* DestroyTheWorldTests.swift */; };
		F46A41461DE43BDD00B2CB93 /* DestroyTheWorldUITests.swift in Sources */ = {isa = PBXBuildFile; fileRef = F46A41451DE43BDD00B2CB93 /* DestroyTheWorldUITests.swift */; };
/* End PBXBuildFile section */

/* Begin PBXContainerItemProxy section */
		F46A41371DE43BDD00B2CB93 /* PBXContainerItemProxy */ = {
			isa = PBXContainerItemProxy;
			containerPortal = F46A411A1DE43BDD00B2CB93 /* Project object */;
			proxyType = 1;
			remoteGlobalIDString = F46A41211DE43BDD00B2CB93;
			remoteInfo = DestroyTheWorld;
		};
		F46A41421DE43BDD00B2CB93 /* PBXContainerItemProxy */ = {
			isa = PBXContainerItemProxy;
			containerPortal = F46A411A1DE43BDD00B2CB93 /* Project object */;
			proxyType = 1;
			remoteGlobalIDString = F46A41211DE43BDD00B2CB93;
			remoteInfo = DestroyTheWorld;
		};
/* End PBXContainerItemProxy section */

/* Begin PBXFileReference section */
		F46A41221DE43BDD00B2CB93 /* DestroyTheWorld.app */ = {isa = PBXFileReference; explicitFileType = wrapper.application; includeInIndex = 0; path = DestroyTheWorld.app; sourceTree = BUILT_PRODUCTS_DIR; };
		F46A41251DE43BDD00B2CB93 /* AppDelegate.swift */ = {isa = PBXFileReference; lastKnownFileType = sourcecode.swift; path = AppDelegate.swift; sourceTree = "<group>"; };
		F46A41271DE43BDD00B2CB93 /* ViewController.swift */ = {isa = PBXFileReference; lastKnownFileType = sourcecode.swift; path = ViewController.swift; sourceTree = "<group>"; };
		F46A412A1DE43BDD00B2CB93 /* Base */ = {isa = PBXFileReference; lastKnownFileType = file.storyboard; name = Base; path = Base.lproj/Main.storyboard; sourceTree = "<group>"; };
		F46A412C1DE43BDD00B2CB93 /* Assets.xcassets */ = {isa = PBXFileReference; lastKnownFileType = folder.assetcatalog; path = Assets.xcassets; sourceTree = "<group>"; };
		F46A412F1DE43BDD00B2CB93 /* Base */ = {isa = PBXFileReference; lastKnownFileType = file.storyboard; name = Base; path = Base.lproj/LaunchScreen.storyboard; sourceTree = "<group>"; };
		F46A41311DE43BDD00B2CB93 /* Info.plist */ = {isa = PBXFileReference; lastKnownFileType = text.plist.xml; path = Info.plist; sourceTree = "<group>"; };
		F46A41361DE43BDD00B2CB93 /* DestroyTheWorldTests.xctest */ = {isa = PBXFileReference; explicitFileType = wrapper.cfbundle; includeInIndex = 0; path = DestroyTheWorldTests.xctest; sourceTree = BUILT_PRODUCTS_DIR; };
		F46A413A1DE43BDD00B2CB93 /* DestroyTheWorldTests.swift */ = {isa = PBXFileReference; lastKnownFileType = sourcecode.swift; path = DestroyTheWorldTests.swift; sourceTree = "<group>"; };
		F46A413C1DE43BDD00B2CB93 /* Info.plist */ = {isa = PBXFileReference; lastKnownFileType = text.plist.xml; path = Info.plist; sourceTree = "<group>"; };
		F46A41411DE43BDD00B2CB93 /* DestroyTheWorldUITests.xctest */ = {isa = PBXFileReference; explicitFileType = wrapper.cfbundle; includeInIndex = 0; path = DestroyTheWorldUITests.xctest; sourceTree = BUILT_PRODUCTS_DIR; };
		F46A41451DE43BDD00B2CB93 /* DestroyTheWorldUITests.swift */ = {isa = PBXFileReference; lastKnownFileType = sourcecode.swift; path = DestroyTheWorldUITests.swift; sourceTree = "<group>"; };
		F46A41471DE43BDD00B2CB93 /* Info.plist */ = {isa = PBXFileReference; lastKnownFileType = text.plist.xml; path = Info.plist; sourceTree = "<group>"; };
/* End PBXFileReference section */

/* Begin PBXFrameworksBuildPhase section */
		F46A411F1DE43BDD00B2CB93 /* Frameworks */ = {
			isa = PBXFrameworksBuildPhase;
			buildActionMask = 2147483647;
			files = (
			);
			runOnlyForDeploymentPostprocessing = 0;
		};
		F46A41331DE43BDD00B2CB93 /* Frameworks */ = {
			isa = PBXFrameworksBuildPhase;
			buildActionMask = 2147483647;
			files = (
			);
			runOnlyForDeploymentPostprocessing = 0;
		};
		F46A413E1DE43BDD00B2CB93 /* Frameworks */ = {
			isa = PBXFrameworksBuildPhase;
			buildActionMask = 2147483647;
			files = (
			);
			runOnlyForDeploymentPostprocessing = 0;
		};
/* End PBXFrameworksBuildPhase section */

/* Begin PBXGroup section */
		F46A41191DE43BDD00B2CB93 = {
			isa = PBXGroup;
			children = (
				F46A41241DE43BDD00B2CB93 /* DestroyTheWorld */,
				F46A41391DE43BDD00B2CB93 /* DestroyTheWorldTests */,
				F46A41441DE43BDD00B2CB93 /* DestroyTheWorldUITests */,
				F46A41231DE43BDD00B2CB93 /* Products */,
			);
			sourceTree = "<group>";
		};
		F46A41231DE43BDD00B2CB93 /* Products */ = {
			isa = PBXGroup;
			children = (
				F46A41221DE43BDD00B2CB93 /* DestroyTheWorld.app */,
				F46A41361DE43BDD00B2CB93 /* DestroyTheWorldTests.xctest */,
				F46A41411DE43BDD00B2CB93 /* DestroyTheWorldUITests.xctest */,
			);
			name = Products;
			sourceTree = "<group>";
		};
		F46A41241DE43BDD00B2CB93 /* DestroyTheWorld */ = {
			isa = PBXGroup;
			children = (
				F46A41251DE43BDD00B2CB93 /* AppDelegate.swift */,
				F46A41271DE43BDD00B2CB93 /* ViewController.swift */,
				F46A41291DE43BDD00B2CB93 /* Main.storyboard */,
				F46A412C1DE43BDD00B2CB93 /* Assets.xcassets */,
				F46A412E1DE43BDD00B2CB93 /* LaunchScreen.storyboard */,
				F46A41311DE43BDD00B2CB93 /* Info.plist */,
			);
			path = DestroyTheWorld;
			sourceTree = "<group>";
		};
		F46A41391DE43BDD00B2CB93 /* DestroyTheWorldTests */ = {
			isa = PBXGroup;
			children = (
				F46A413A1DE43BDD00B2CB93 /* DestroyTheWorldTests.swift */,
				F46A413C1DE43BDD00B2CB93 /* Info.plist */,
			);
			path = DestroyTheWorldTests;
			sourceTree = "<group>";
		};
		F46A41441DE43BDD00B2CB93 /* DestroyTheWorldUITests */ = {
			isa = PBXGroup;
			children = (
				F46A41451DE43BDD00B2CB93 /* DestroyTheWorldUITests.swift */,
				F46A41471DE43BDD00B2CB93 /* Info.plist */,
			);
			path = DestroyTheWorldUITests;
			sourceTree = "<group>";
		};
/* End PBXGroup section */

/* Begin PBXNativeTarget section */
		F46A41211DE43BDD00B2CB93 /* DestroyTheWorld */ = {
			isa = PBXNativeTarget;
			buildConfigurationList = F46A414A1DE43BDD00B2CB93 /* Build configuration list for PBXNativeTarget "DestroyTheWorld" */;
			buildPhases = (
				F46A411E1DE43BDD00B2CB93 /* Sources */,
				F46A411F1DE43BDD00B2CB93 /* Frameworks */,
				F46A41201DE43BDD00B2CB93 /* Resources */,
			);
			buildRules = (
			);
			dependencies = (
			);
			name = DestroyTheWorld;
			productName = DestroyTheWorld;
			productReference = F46A41221DE43BDD00B2CB93 /* DestroyTheWorld.app */;
			productType = "com.apple.product-type.application";
		};
		F46A41351DE43BDD00B2CB93 /* DestroyTheWorldTests */ = {
			isa = PBXNativeTarget;
			buildConfigurationList = F46A414D1DE43BDD00B2CB93 /* Build configuration list for PBXNativeTarget "DestroyTheWorldTests" */;
			buildPhases = (
				F46A41321DE43BDD00B2CB93 /* Sources */,
				F46A41331DE43BDD00B2CB93 /* Frameworks */,
				F46A41341DE43BDD00B2CB93 /* Resources */,
			);
			buildRules = (
			);
			dependencies = (
				F46A41381DE43BDD00B2CB93 /* PBXTargetDependency */,
			);
			name = DestroyTheWorldTests;
			productName = DestroyTheWorldTests;
			productReference = F46A41361DE43BDD00B2CB93 /* DestroyTheWorldTests.xctest */;
			productType = "com.apple.product-type.bundle.unit-test";
		};
		F46A41401DE43BDD00B2CB93 /* DestroyTheWorldUITests */ = {
			isa = PBXNativeTarget;
			buildConfigurationList = F46A41501DE43BDD00B2CB93 /* Build configuration list for PBXNativeTarget "DestroyTheWorldUITests" */;
			buildPhases = (
				F46A413D1DE43BDD00B2CB93 /* Sources */,
				F46A413E1DE43BDD00B2CB93 /* Frameworks */,
				F46A413F1DE43BDD00B2CB93 /* Resources */,
			);
			buildRules = (
			);
			dependencies = (
				F46A41431DE43BDD00B2CB93 /* PBXTargetDependency */,
			);
			name = DestroyTheWorldUITests;
			productName = DestroyTheWorldUITests;
			productReference = F46A41411DE43BDD00B2CB93 /* DestroyTheWorldUITests.xctest */;
			productType = "com.apple.product-type.bundle.ui-testing";
		};
/* End PBXNativeTarget section */

/* Begin PBXProject section */
		F46A411A1DE43BDD00B2CB93 /* Project object */ = {
			isa = PBXProject;
			attributes = {
				LastSwiftUpdateCheck = 0810;
				LastUpgradeCheck = 0810;
				ORGANIZATIONNAME = "Michael Peer";
				TargetAttributes = {
					F46A41211DE43BDD00B2CB93 = {
						CreatedOnToolsVersion = 8.1;
						ProvisioningStyle = Automatic;
					};
					F46A41351DE43BDD00B2CB93 = {
						CreatedOnToolsVersion = 8.1;
						ProvisioningStyle = Automatic;
						TestTargetID = F46A41211DE43BDD00B2CB93;
					};
					F46A41401DE43BDD00B2CB93 = {
						CreatedOnToolsVersion = 8.1;
						ProvisioningStyle = Automatic;
						TestTargetID = F46A41211DE43BDD00B2CB93;
					};
				};
			};
			buildConfigurationList = F46A411D1DE43BDD00B2CB93 /* Build configuration list for PBXProject "DestroyTheWorld" */;
			compatibilityVersion = "Xcode 3.2";
			developmentRegion = English;
			hasScannedForEncodings = 0;
			knownRegions = (
				en,
				Base,
			);
			mainGroup = F46A41191DE43BDD00B2CB93;
			productRefGroup = F46A41231DE43BDD00B2CB93 /* Products */;
			projectDirPath = "";
			projectRoot = "";
			targets = (
				F46A41211DE43BDD00B2CB93 /* DestroyTheWorld */,
				F46A41351DE43BDD00B2CB93 /* DestroyTheWorldTests */,
				F46A41401DE43BDD00B2CB93 /* DestroyTheWorldUITests */,
			);
		};
/* End PBXProject section */

/* Begin PBXResourcesBuildPhase section */
		F46A41201DE43BDD00B2CB93 /* Resources */ = {
			isa = PBXResourcesBuildPhase;
			buildActionMask = 2147483647;
			files = (
				F46A41301DE43BDD00B2CB93 /* LaunchScreen.storyboard in Resources */,
				F46A412D1DE43BDD00B2CB93 /* Assets.xcassets in Resources */,
				F46A412B1DE43BDD00B2CB93 /* Main.storyboard in Resources */,
			);
			runOnlyForDeploymentPostprocessing = 0;
		};
		F46A41341DE43BDD00B2CB93 /* Resources */ = {
			isa = PBXResourcesBuildPhase;
			buildActionMask = 2147483647;
			files = (
			);
			runOnlyForDeploymentPostprocessing = 0;
		};
		F46A413F1DE43BDD00B2CB93 /* Resources */ = {
			isa = PBXResourcesBuildPhase;
			buildActionMask = 2147483647;
			files = (
			);
			runOnlyForDeploymentPostprocessing = 0;
		};
/* End PBXResourcesBuildPhase section */

/* Begin PBXSourcesBuildPhase section */
		F46A411E1DE43BDD00B2CB93 /* Sources */ = {
			isa = PBXSourcesBuildPhase;
			buildActionMask = 2147483647;
			files = (
				F46A41281DE43BDD00B2CB93 /* ViewController.swift in Sources */,
				F46A41261DE43BDD00B2CB93 /* AppDelegate.swift in Sources */,
			);
			runOnlyForDeploymentPostprocessing = 0;
		};
		F46A41321DE43BDD00B2CB93 /* Sources */ = {
			isa = PBXSourcesBuildPhase;
			buildActionMask = 2147483647;
			files = (
				F46A413B1DE43BDD00B2CB93 /* DestroyTheWorldTests.swift in Sources */,
			);
			runOnlyForDeploymentPostprocessing = 0;
		};
		F46A413D1DE43BDD00B2CB93 /* Sources */ = {
			isa = PBXSourcesBuildPhase;
			buildActionMask = 2147483647;
			files = (
				F46A41461DE43BDD00B2CB93 /* DestroyTheWorldUITests.swift in Sources */,
			);
			runOnlyForDeploymentPostprocessing = 0;
		};
/* End PBXSourcesBuildPhase section */

/* Begin PBXTargetDependency section */
		F46A41381DE43BDD00B2CB93 /* PBXTargetDependency */ = {
			isa = PBXTargetDependency;
			target = F46A41211DE43BDD00B2CB93 /* DestroyTheWorld */;
			targetProxy = F46A41371DE43BDD00B2CB93 /* PBXContainerItemProxy */;
		};
		F46A41431DE43BDD00B2CB93 /* PBXTargetDependency */ = {
			isa = PBXTargetDependency;
			target = F46A41211DE43BDD00B2CB93 /* DestroyTheWorld */;
			targetProxy = F46A41421DE43BDD00B2CB93 /* PBXContainerItemProxy */;
		};
/* End PBXTargetDependency section */

/* Begin PBXVariantGroup section */
		F46A41291DE43BDD00B2CB93 /* Main.storyboard */ = {
			isa = PBXVariantGroup;
			children = (
				F46A412A1DE43BDD00B2CB93 /* Base */,
			);
			name = Main.storyboard;
			sourceTree = "<group>";
		};
		F46A412E1DE43BDD00B2CB93 /* LaunchScreen.storyboard */ = {
			isa = PBXVariantGroup;
			children = (
				F46A412F1DE43BDD00B2CB93 /* Base */,
			);
			name = LaunchScreen.storyboard;
			sourceTree = "<group>";
		};
/* End PBXVariantGroup section */

/* Begin XCBuildConfiguration section */
		F46A41481DE43BDD00B2CB93 /* Debug */ = {
			isa = XCBuildConfiguration;
			buildSettings = {
				ALWAYS_SEARCH_USER_PATHS = NO;
				CLANG_ANALYZER_NONNULL = YES;
				CLANG_CXX_LANGUAGE_STANDARD = "gnu++0x";
				CLANG_CXX_LIBRARY = "libc++";
				CLANG_ENABLE_MODULES = YES;
				CLANG_ENABLE_OBJC_ARC = YES;
				CLANG_WARN_BOOL_CONVERSION = YES;
				CLANG_WARN_CONSTANT_CONVERSION = YES;
				CLANG_WARN_DIRECT_OBJC_ISA_USAGE = YES_ERROR;
				CLANG_WARN_DOCUMENTATION_COMMENTS = YES;
				CLANG_WARN_EMPTY_BODY = YES;
				CLANG_WARN_ENUM_CONVERSION = YES;
				CLANG_WARN_INFINITE_RECURSION = YES;
				CLANG_WARN_INT_CONVERSION = YES;
				CLANG_WARN_OBJC_ROOT_CLASS = YES_ERROR;
				CLANG_WARN_SUSPICIOUS_MOVES = YES;
				CLANG_WARN_UNREACHABLE_CODE = YES;
				CLANG_WARN__DUPLICATE_METHOD_MATCH = YES;
				"CODE_SIGN_IDENTITY[sdk=iphoneos*]" = "iPhone Developer";
				COPY_PHASE_STRIP = NO;
				DEBUG_INFORMATION_FORMAT = dwarf;
				ENABLE_STRICT_OBJC_MSGSEND = YES;
				ENABLE_TESTABILITY = YES;
				GCC_C_LANGUAGE_STANDARD = gnu99;
				GCC_DYNAMIC_NO_PIC = NO;
				GCC_NO_COMMON_BLOCKS = YES;
				GCC_OPTIMIZATION_LEVEL = 0;
				GCC_PREPROCESSOR_DEFINITIONS = (
					"DEBUG=1",
					"$(inherited)",
				);
				GCC_WARN_64_TO_32_BIT_CONVERSION = YES;
				GCC_WARN_ABOUT_RETURN_TYPE = YES_ERROR;
				GCC_WARN_UNDECLARED_SELECTOR = YES;
				GCC_WARN_UNINITIALIZED_AUTOS = YES_AGGRESSIVE;
				GCC_WARN_UNUSED_FUNCTION = YES;
				GCC_WARN_UNUSED_VARIABLE = YES;
				IPHONEOS_DEPLOYMENT_TARGET = 10.1;
				MTL_ENABLE_DEBUG_INFO = YES;
				ONLY_ACTIVE_ARCH = YES;
				SDKROOT = iphoneos;
				SWIFT_ACTIVE_COMPILATION_CONDITIONS = DEBUG;
				SWIFT_OPTIMIZATION_LEVEL = "-Onone";
			};
			name = Debug;
		};
		F46A41491DE43BDD00B2CB93 /* Release */ = {
			isa = XCBuildConfiguration;
			buildSettings = {
				ALWAYS_SEARCH_USER_PATHS = NO;
				CLANG_ANALYZER_NONNULL = YES;
				CLANG_CXX_LANGUAGE_STANDARD = "gnu++0x";
				CLANG_CXX_LIBRARY = "libc++";
				CLANG_ENABLE_MODULES = YES;
				CLANG_ENABLE_OBJC_ARC = YES;
				CLANG_WARN_BOOL_CONVERSION = YES;
				CLANG_WARN_CONSTANT_CONVERSION = YES;
				CLANG_WARN_DIRECT_OBJC_ISA_USAGE = YES_ERROR;
				CLANG_WARN_DOCUMENTATION_COMMENTS = YES;
				CLANG_WARN_EMPTY_BODY = YES;
				CLANG_WARN_ENUM_CONVERSION = YES;
				CLANG_WARN_INFINITE_RECURSION = YES;
				CLANG_WARN_INT_CONVERSION = YES;
				CLANG_WARN_OBJC_ROOT_CLASS = YES_ERROR;
				CLANG_WARN_SUSPICIOUS_MOVES = YES;
				CLANG_WARN_UNREACHABLE_CODE = YES;
				CLANG_WARN__DUPLICATE_METHOD_MATCH = YES;
				"CODE_SIGN_IDENTITY[sdk=iphoneos*]" = "iPhone Developer";
				COPY_PHASE_STRIP = NO;
				DEBUG_INFORMATION_FORMAT = "dwarf-with-dsym";
				ENABLE_NS_ASSERTIONS = NO;
				ENABLE_STRICT_OBJC_MSGSEND = YES;
				GCC_C_LANGUAGE_STANDARD = gnu99;
				GCC_NO_COMMON_BLOCKS = YES;
				GCC_WARN_64_TO_32_BIT_CONVERSION = YES;
				GCC_WARN_ABOUT_RETURN_TYPE = YES_ERROR;
				GCC_WARN_UNDECLARED_SELECTOR = YES;
				GCC_WARN_UNINITIALIZED_AUTOS = YES_AGGRESSIVE;
				GCC_WARN_UNUSED_FUNCTION = YES;
				GCC_WARN_UNUSED_VARIABLE = YES;
				IPHONEOS_DEPLOYMENT_TARGET = 10.1;
				MTL_ENABLE_DEBUG_INFO = NO;
				SDKROOT = iphoneos;
				SWIFT_OPTIMIZATION_LEVEL = "-Owholemodule";
				VALIDATE_PRODUCT = YES;
			};
			name = Release;
		};
		F46A414B1DE43BDD00B2CB93 /* Debug */ = {
			isa = XCBuildConfiguration;
			buildSettings = {
				ASSETCATALOG_COMPILER_APPICON_NAME = AppIcon;
				INFOPLIST_FILE = DestroyTheWorld/Info.plist;
				LD_RUNPATH_SEARCH_PATHS = "$(inherited) @executable_path/Frameworks";
				PRODUCT_BUNDLE_IDENTIFIER = michaelpeer.DestroyTheWorld;
				PRODUCT_NAME = "$(TARGET_NAME)";
				SWIFT_VERSION = 3.0;
			};
			name = Debug;
		};
		F46A414C1DE43BDD00B2CB93 /* Release */ = {
			isa = XCBuildConfiguration;
			buildSettings = {
				ASSETCATALOG_COMPILER_APPICON_NAME = AppIcon;
				INFOPLIST_FILE = DestroyTheWorld/Info.plist;
				LD_RUNPATH_SEARCH_PATHS = "$(inherited) @executable_path/Frameworks";
				PRODUCT_BUNDLE_IDENTIFIER = michaelpeer.DestroyTheWorld;
				PRODUCT_NAME = "$(TARGET_NAME)";
				SWIFT_VERSION = 3.0;
			};
			name = Release;
		};
		F46A414E1DE43BDD00B2CB93 /* Debug */ = {
			isa = XCBuildConfiguration;
			buildSettings = {
				ALWAYS_EMBED_SWIFT_STANDARD_LIBRARIES = YES;
				BUNDLE_LOADER = "$(TEST_HOST)";
				INFOPLIST_FILE = DestroyTheWorldTests/Info.plist;
				LD_RUNPATH_SEARCH_PATHS = "$(inherited) @executable_path/Frameworks @loader_path/Frameworks";
				PRODUCT_BUNDLE_IDENTIFIER = michaelpeer.DestroyTheWorldTests;
				PRODUCT_NAME = "$(TARGET_NAME)";
				SWIFT_VERSION = 3.0;
				TEST_HOST = "$(BUILT_PRODUCTS_DIR)/DestroyTheWorld.app/DestroyTheWorld";
			};
			name = Debug;
		};
		F46A414F1DE43BDD00B2CB93 /* Release */ = {
			isa = XCBuildConfiguration;
			buildSettings = {
				ALWAYS_EMBED_SWIFT_STANDARD_LIBRARIES = YES;
				BUNDLE_LOADER = "$(TEST_HOST)";
				INFOPLIST_FILE = DestroyTheWorldTests/Info.plist;
				LD_RUNPATH_SEARCH_PATHS = "$(inherited) @executable_path/Frameworks @loader_path/Frameworks";
				PRODUCT_BUNDLE_IDENTIFIER = michaelpeer.DestroyTheWorldTests;
				PRODUCT_NAME = "$(TARGET_NAME)";
				SWIFT_VERSION = 3.0;
				TEST_HOST = "$(BUILT_PRODUCTS_DIR)/DestroyTheWorld.app/DestroyTheWorld";
			};
			name = Release;
		};
		F46A41511DE43BDD00B2CB93 /* Debug */ = {
			isa = XCBuildConfiguration;
			buildSettings = {
				ALWAYS_EMBED_SWIFT_STANDARD_LIBRARIES = YES;
				INFOPLIST_FILE = DestroyTheWorldUITests/Info.plist;
				LD_RUNPATH_SEARCH_PATHS = "$(inherited) @executable_path/Frameworks @loader_path/Frameworks";
				PRODUCT_BUNDLE_IDENTIFIER = michaelpeer.DestroyTheWorldUITests;
				PRODUCT_NAME = "$(TARGET_NAME)";
				SWIFT_VERSION = 3.0;
				TEST_TARGET_NAME = DestroyTheWorld;
			};
			name = Debug;
		};
		F46A41521DE43BDD00B2CB93 /* Release */ = {
			isa = XCBuildConfiguration;
			buildSettings = {
				ALWAYS_EMBED_SWIFT_STANDARD_LIBRARIES = YES;
				INFOPLIST_FILE = DestroyTheWorldUITests/Info.plist;
				LD_RUNPATH_SEARCH_PATHS = "$(inherited) @executable_path/Frameworks @loader_path/Frameworks";
				PRODUCT_BUNDLE_IDENTIFIER = michaelpeer.DestroyTheWorldUITests;
				PRODUCT_NAME = "$(TARGET_NAME)";
				SWIFT_VERSION = 3.0;
				TEST_TARGET_NAME = DestroyTheWorld;
			};
			name = Release;
		};
/* End XCBuildConfiguration section */

/* Begin XCConfigurationList section */
		F46A411D1DE43BDD00B2CB93 /* Build configuration list for PBXProject "DestroyTheWorld" */ = {
			isa = XCConfigurationList;
			buildConfigurations = (
				F46A41481DE43BDD00B2CB93 /* Debug */,
				F46A41491DE43BDD00B2CB93 /* Release */,
			);
			defaultConfigurationIsVisible = 0;
			defaultConfigurationName = Release;
		};
		F46A414A1DE43BDD00B2CB93 /* Build configuration list for PBXNativeTarget "DestroyTheWorld" */ = {
			isa = XCConfigurationList;
			buildConfigurations = (
				F46A414B1DE43BDD00B2CB93 /* Debug */,
				F46A414C1DE43BDD00B2CB93 /* Release */,
			);
			defaultConfigurationIsVisible = 0;
		};
		F46A414D1DE43BDD00B2CB93 /* Build configuration list for PBXNativeTarget "DestroyTheWorldTests" */ = {
			isa = XCConfigurationList;
			buildConfigurations = (
				F46A414E1DE43BDD00B2CB93 /* Debug */,
				F46A414F1DE43BDD00B2CB93 /* Release */,
			);
			defaultConfigurationIsVisible = 0;
		};
		F46A41501DE43BDD00B2CB93 /* Build configuration list for PBXNativeTarget "DestroyTheWorldUITests" */ = {
			isa = XCConfigurationList;
			buildConfigurations = (
				F46A41511DE43BDD00B2CB93 /* Debug */,
				F46A41521DE43BDD00B2CB93 /* Release */,
			);
			defaultConfigurationIsVisible = 0;
		};
/* End XCConfigurationList section */
	};
	rootObject = F46A411A1DE43BDD00B2CB93 /* Project object */;
}
